<?xml version="1.0" encoding="utf-8"?>
<Project ToolsVersion="4.0" xmlns="http://schemas.microsoft.com/developer/msbuild/2003">
  <ItemGroup>
    <ClCompile Include="GCS_UTM.cpp" />
    <ClCompile Include="GridView.cpp" />
    <ClCompile Include="UTM_APP.cpp" />
    <ClCompile Include="UAV_MAV.cpp" />
  </ItemGroup>
  <ItemGroup>
    <ClInclude Include="GCS_UTM.h" />
    <ClInclude Include="GridView.h" />
    <ClInclude Include="UAV_MAV.h" />
    <ClInclude Include="Utils.h" />
  </ItemGroup>
</Project>